
Microsoft Visual Studio Solution File, Format Version 12.00
# Visual Studio Version 17
VisualStudioVersion = 17.0.32126.317
MinimumVisualStudioVersion = 10.0.40219.1
Project("{FAE04EC0-301F-11D3-BF4B-00C04F79EFBC}") = "MinimalAPITutorial", "MinimalAPITutorial\MinimalAPITutorial.csproj", "{B32759A3-D017-4EA9-9055-596653DACA68}"
EndProject
Global
	GlobalSection(SolutionConfigurationPlatforms) = preSolution
		Debug|Any CPU = Debug|Any CPU
		Release|Any CPU = Release|Any CPU
	EndGlobalSection
	GlobalSection(ProjectConfigurationPlatforms) = postSolution
		{B32759A3-D017-4EA9-9055-596653DACA68}.Debug|Any CPU.ActiveCfg = Debug|Any CPU
		{B32759A3-D017-4EA9-9055-596653DACA68}.Debug|Any CPU.Build.0 = Debug|Any CPU
		{B32759A3-D017-4EA9-9055-596653DACA68}.Release|Any CPU.ActiveCfg = Release|Any CPU
		{B32759A3-D017-4EA9-9055-596653DACA68}.Release|Any CPU.Build.0 = Release|Any CPU
	EndGlobalSection
	GlobalSection(SolutionProperties) = preSolution
		HideSolutionNode = FALSE
	EndGlobalSection
	GlobalSection(ExtensibilityGlobals) = postSolution
		SolutionGuid = {B414875B-CC6F-4BF2-AEFC-B9C3A206BD1B}
	EndGlobalSection
EndGlobal
